
Microsoft Visual Studio Solution File, Format Version 12.00
# Visual Studio 14
VisualStudioVersion = 14.0.25123.0
MinimumVisualStudioVersion = 10.0.40219.1
Project("{FAE04EC0-301F-11D3-BF4B-00C04F79EFBC}") = "SuperheroesUniverse.Models", "SuperHeroes.Models\SuperheroesUniverse.Models.csproj", "{9DFB9917-9ED1-45D5-B1C2-840534424BE5}"
EndProject
Project("{FAE04EC0-301F-11D3-BF4B-00C04F79EFBC}") = "SuperheroesUniverse.Importer", "SuperheroesUniverse.Importer\SuperheroesUniverse.Importer.csproj", "{A36BE217-02FE-41A9-B304-0AD36F650B79}"
EndProject
Project("{FAE04EC0-301F-11D3-BF4B-00C04F79EFBC}") = "SuperheroesUniverse.Data", "SuperheroesUniverse.Data\SuperheroesUniverse.Data.csproj", "{B45913C1-31BE-4074-A9C1-87E1E8584AF1}"
EndProject
Project("{FAE04EC0-301F-11D3-BF4B-00C04F79EFBC}") = "SuperheroesUniverse.Queries", "SuperheroesUniverse.Queries\SuperheroesUniverse.Queries.csproj", "{992D48D6-B1CC-4334-88B6-826BD1219E36}"
EndProject
Global
	GlobalSection(SolutionConfigurationPlatforms) = preSolution
		Debug|Any CPU = Debug|Any CPU
		Release|Any CPU = Release|Any CPU
	EndGlobalSection
	GlobalSection(ProjectConfigurationPlatforms) = postSolution
		{9DFB9917-9ED1-45D5-B1C2-840534424BE5}.Debug|Any CPU.ActiveCfg = Debug|Any CPU
		{9DFB9917-9ED1-45D5-B1C2-840534424BE5}.Debug|Any CPU.Build.0 = Debug|Any CPU
		{9DFB9917-9ED1-45D5-B1C2-840534424BE5}.Release|Any CPU.ActiveCfg = Release|Any CPU
		{9DFB9917-9ED1-45D5-B1C2-840534424BE5}.Release|Any CPU.Build.0 = Release|Any CPU
		{A36BE217-02FE-41A9-B304-0AD36F650B79}.Debug|Any CPU.ActiveCfg = Debug|Any CPU
		{A36BE217-02FE-41A9-B304-0AD36F650B79}.Debug|Any CPU.Build.0 = Debug|Any CPU
		{A36BE217-02FE-41A9-B304-0AD36F650B79}.Release|Any CPU.ActiveCfg = Release|Any CPU
		{A36BE217-02FE-41A9-B304-0AD36F650B79}.Release|Any CPU.Build.0 = Release|Any CPU
		{B45913C1-31BE-4074-A9C1-87E1E8584AF1}.Debug|Any CPU.ActiveCfg = Debug|Any CPU
		{B45913C1-31BE-4074-A9C1-87E1E8584AF1}.Debug|Any CPU.Build.0 = Debug|Any CPU
		{B45913C1-31BE-4074-A9C1-87E1E8584AF1}.Release|Any CPU.ActiveCfg = Release|Any CPU
		{B45913C1-31BE-4074-A9C1-87E1E8584AF1}.Release|Any CPU.Build.0 = Release|Any CPU
		{992D48D6-B1CC-4334-88B6-826BD1219E36}.Debug|Any CPU.ActiveCfg = Debug|Any CPU
		{992D48D6-B1CC-4334-88B6-826BD1219E36}.Debug|Any CPU.Build.0 = Debug|Any CPU
		{992D48D6-B1CC-4334-88B6-826BD1219E36}.Release|Any CPU.ActiveCfg = Release|Any CPU
		{992D48D6-B1CC-4334-88B6-826BD1219E36}.Release|Any CPU.Build.0 = Release|Any CPU
	EndGlobalSection
	GlobalSection(SolutionProperties) = preSolution
		HideSolutionNode = FALSE
	EndGlobalSection
EndGlobal
